// !$*UTF8*$!
{
	archiveVersion = 1;
	classes = {
	};
	objectVersion = 50;
	objects = {

/* Begin PBXBuildFile section */
		0419BC8D21519C2500DE08C4 /* AppDelegate.swift in Sources */ = {isa = PBXBuildFile; fileRef = 0419BC8C21519C2500DE08C4 /* AppDelegate.swift */; };
		0419BC8F21519C2500DE08C4 /* ViewController.swift in Sources */ = {isa = PBXBuildFile; fileRef = 0419BC8E21519C2500DE08C4 /* ViewController.swift */; };
		0419BC9221519C2500DE08C4 /* Main.storyboard in Resources */ = {isa = PBXBuildFile; fileRef = 0419BC9021519C2500DE08C4 /* Main.storyboard */; };
		0419BC9421519C2600DE08C4 /* Assets.xcassets in Resources */ = {isa = PBXBuildFile; fileRef = 0419BC9321519C2600DE08C4 /* Assets.xcassets */; };
		0419BC9721519C2600DE08C4 /* LaunchScreen.storyboard in Resources */ = {isa = PBXBuildFile; fileRef = 0419BC9521519C2600DE08C4 /* LaunchScreen.storyboard */; };
		0419BC9F21519CC200DE08C4 /* RipeContainerView.swift in Sources */ = {isa = PBXBuildFile; fileRef = 0419BC9E21519CC200DE08C4 /* RipeContainerView.swift */; };
		0419BCA121519CDA00DE08C4 /* RipeCardView.swift in Sources */ = {isa = PBXBuildFile; fileRef = 0419BCA021519CDA00DE08C4 /* RipeCardView.swift */; };
/* End PBXBuildFile section */

/* Begin PBXFileReference section */
		0419BC8921519C2500DE08C4 /* Ripe.app */ = {isa = PBXFileReference; explicitFileType = wrapper.application; includeInIndex = 0; path = Ripe.app; sourceTree = BUILT_PRODUCTS_DIR; };
		0419BC8C21519C2500DE08C4 /* AppDelegate.swift */ = {isa = PBXFileReference; lastKnownFileType = sourcecode.swift; path = AppDelegate.swift; sourceTree = "<group>"; };
		0419BC8E21519C2500DE08C4 /* ViewController.swift */ = {isa = PBXFileReference; lastKnownFileType = sourcecode.swift; path = ViewController.swift; sourceTree = "<group>"; };
		0419BC9121519C2500DE08C4 /* Base */ = {isa = PBXFileReference; lastKnownFileType = file.storyboard; name = Base; path = Base.lproj/Main.storyboard; sourceTree = "<group>"; };
		0419BC9321519C2600DE08C4 /* Assets.xcassets */ = {isa = PBXFileReference; lastKnownFileType = folder.assetcatalog; path = Assets.xcassets; sourceTree = "<group>"; };
		0419BC9621519C2600DE08C4 /* Base */ = {isa = PBXFileReference; lastKnownFileType = file.storyboard; name = Base; path = Base.lproj/LaunchScreen.storyboard; sourceTree = "<group>"; };
		0419BC9821519C2600DE08C4 /* Info.plist */ = {isa = PBXFileReference; lastKnownFileType = text.plist.xml; path = Info.plist; sourceTree = "<group>"; };
		0419BC9E21519CC200DE08C4 /* RipeContainerView.swift */ = {isa = PBXFileReference; lastKnownFileType = sourcecode.swift; path = RipeContainerView.swift; sourceTree = "<group>"; };
		0419BCA021519CDA00DE08C4 /* RipeCardView.swift */ = {isa = PBXFileReference; lastKnownFileType = sourcecode.swift; path = RipeCardView.swift; sourceTree = "<group>"; };
/* End PBXFileReference section */

/* Begin PBXFrameworksBuildPhase section */
		0419BC8621519C2500DE08C4 /* Frameworks */ = {
			isa = PBXFrameworksBuildPhase;
			buildActionMask = 2147483647;
			files = (
			);
			runOnlyForDeploymentPostprocessing = 0;
		};
/* End PBXFrameworksBuildPhase section */

/* Begin PBXGroup section */
		0419BC8021519C2500DE08C4 = {
			isa = PBXGroup;
			children = (
				0419BC8B21519C2500DE08C4 /* Ripe */,
				0419BC8A21519C2500DE08C4 /* Products */,
			);
			sourceTree = "<group>";
		};
		0419BC8A21519C2500DE08C4 /* Products */ = {
			isa = PBXGroup;
			children = (
				0419BC8921519C2500DE08C4 /* Ripe.app */,
			);
			name = Products;
			sourceTree = "<group>";
		};
		0419BC8B21519C2500DE08C4 /* Ripe */ = {
			isa = PBXGroup;
			children = (
				0419BC8C21519C2500DE08C4 /* AppDelegate.swift */,
				0419BC8E21519C2500DE08C4 /* ViewController.swift */,
				0419BC9E21519CC200DE08C4 /* RipeContainerView.swift */,
				0419BCA021519CDA00DE08C4 /* RipeCardView.swift */,
				0419BC9021519C2500DE08C4 /* Main.storyboard */,
				0419BC9321519C2600DE08C4 /* Assets.xcassets */,
				0419BC9521519C2600DE08C4 /* LaunchScreen.storyboard */,
				0419BC9821519C2600DE08C4 /* Info.plist */,
			);
			path = Ripe;
			sourceTree = "<group>";
		};
/* End PBXGroup section */

/* Begin PBXNativeTarget section */
		0419BC8821519C2500DE08C4 /* Ripe */ = {
			isa = PBXNativeTarget;
			buildConfigurationList = 0419BC9B21519C2600DE08C4 /* Build configuration list for PBXNativeTarget "Ripe" */;
			buildPhases = (
				0419BC8521519C2500DE08C4 /* Sources */,
				0419BC8621519C2500DE08C4 /* Frameworks */,
				0419BC8721519C2500DE08C4 /* Resources */,
			);
			buildRules = (
			);
			dependencies = (
			);
			name = Ripe;
			productName = Ripe;
			productReference = 0419BC8921519C2500DE08C4 /* Ripe.app */;
			productType = "com.apple.product-type.application";
		};
/* End PBXNativeTarget section */

/* Begin PBXProject section */
		0419BC8121519C2500DE08C4 /* Project object */ = {
			isa = PBXProject;
			attributes = {
				LastSwiftUpdateCheck = 0940;
				LastUpgradeCheck = 0940;
				ORGANIZATIONNAME = "Jedd Goble";
				TargetAttributes = {
					0419BC8821519C2500DE08C4 = {
						CreatedOnToolsVersion = 9.4.1;
					};
				};
			};
			buildConfigurationList = 0419BC8421519C2500DE08C4 /* Build configuration list for PBXProject "Ripe" */;
			compatibilityVersion = "Xcode 9.3";
			developmentRegion = en;
			hasScannedForEncodings = 0;
			knownRegions = (
				en,
				Base,
			);
			mainGroup = 0419BC8021519C2500DE08C4;
			productRefGroup = 0419BC8A21519C2500DE08C4 /* Products */;
			projectDirPath = "";
			projectRoot = "";
			targets = (
				0419BC8821519C2500DE08C4 /* Ripe */,
			);
		};
/* End PBXProject section */

/* Begin PBXResourcesBuildPhase section */
		0419BC8721519C2500DE08C4 /* Resources */ = {
			isa = PBXResourcesBuildPhase;
			buildActionMask = 2147483647;
			files = (
				0419BC9721519C2600DE08C4 /* LaunchScreen.storyboard in Resources */,
				0419BC9421519C2600DE08C4 /* Assets.xcassets in Resources */,
				0419BC9221519C2500DE08C4 /* Main.storyboard in Resources */,
			);
			runOnlyForDeploymentPostprocessing = 0;
		};
/* End PBXResourcesBuildPhase section */

/* Begin PBXSourcesBuildPhase section */
		0419BC8521519C2500DE08C4 /* Sources */ = {
			isa = PBXSourcesBuildPhase;
			buildActionMask = 2147483647;
			files = (
				0419BC8F21519C2500DE08C4 /* ViewController.swift in Sources */,
				0419BC9F21519CC200DE08C4 /* RipeContainerView.swift in Sources */,
				0419BCA121519CDA00DE08C4 /* RipeCardView.swift in Sources */,
				0419BC8D21519C2500DE08C4 /* AppDelegate.swift in Sources */,
			);
			runOnlyForDeploymentPostprocessing = 0;
		};
/* End PBXSourcesBuildPhase section */

/* Begin PBXVariantGroup section */
		0419BC9021519C2500DE08C4 /* Main.storyboard */ = {
			isa = PBXVariantGroup;
			children = (
				0419BC9121519C2500DE08C4 /* Base */,
			);
			name = Main.storyboard;
			sourceTree = "<group>";
		};
		0419BC9521519C2600DE08C4 /* LaunchScreen.storyboard */ = {
			isa = PBXVariantGroup;
			children = (
				0419BC9621519C2600DE08C4 /* Base */,
			);
			name = LaunchScreen.storyboard;
			sourceTree = "<group>";
		};
/* End PBXVariantGroup section */

/* Begin XCBuildConfiguration section */
		0419BC9921519C2600DE08C4 /* Debug */ = {
			isa = XCBuildConfiguration;
			buildSettings = {
				ALWAYS_SEARCH_USER_PATHS = NO;
				CLANG_ANALYZER_NONNULL = YES;
				CLANG_ANALYZER_NUMBER_OBJECT_CONVERSION = YES_AGGRESSIVE;
				CLANG_CXX_LANGUAGE_STANDARD = "gnu++14";
				CLANG_CXX_LIBRARY = "libc++";
				CLANG_ENABLE_MODULES = YES;
				CLANG_ENABLE_OBJC_ARC = YES;
				CLANG_ENABLE_OBJC_WEAK = YES;
				CLANG_WARN_BLOCK_CAPTURE_AUTORELEASING = YES;
				CLANG_WARN_BOOL_CONVERSION = YES;
				CLANG_WARN_COMMA = YES;
				CLANG_WARN_CONSTANT_CONVERSION = YES;
				CLANG_WARN_DEPRECATED_OBJC_IMPLEMENTATIONS = YES;
				CLANG_WARN_DIRECT_OBJC_ISA_USAGE = YES_ERROR;
				CLANG_WARN_DOCUMENTATION_COMMENTS = YES;
				CLANG_WARN_EMPTY_BODY = YES;
				CLANG_WARN_ENUM_CONVERSION = YES;
				CLANG_WARN_INFINITE_RECURSION = YES;
				CLANG_WARN_INT_CONVERSION = YES;
				CLANG_WARN_NON_LITERAL_NULL_CONVERSION = YES;
				CLANG_WARN_OBJC_IMPLICIT_RETAIN_SELF = YES;
				CLANG_WARN_OBJC_LITERAL_CONVERSION = YES;
				CLANG_WARN_OBJC_ROOT_CLASS = YES_ERROR;
				CLANG_WARN_RANGE_LOOP_ANALYSIS = YES;
				CLANG_WARN_STRICT_PROTOTYPES = YES;
				CLANG_WARN_SUSPICIOUS_MOVE = YES;
				CLANG_WARN_UNGUARDED_AVAILABILITY = YES_AGGRESSIVE;
				CLANG_WARN_UNREACHABLE_CODE = YES;
				CLANG_WARN__DUPLICATE_METHOD_MATCH = YES;
				CODE_SIGN_IDENTITY = "iPhone Developer";
				COPY_PHASE_STRIP = NO;
				DEBUG_INFORMATION_FORMAT = dwarf;
				ENABLE_STRICT_OBJC_MSGSEND = YES;
				ENABLE_TESTABILITY = YES;
				GCC_C_LANGUAGE_STANDARD = gnu11;
				GCC_DYNAMIC_NO_PIC = NO;
				GCC_NO_COMMON_BLOCKS = YES;
				GCC_OPTIMIZATION_LEVEL = 0;
				GCC_PREPROCESSOR_DEFINITIONS = (
					"DEBUG=1",
					"$(inherited)",
				);
				GCC_WARN_64_TO_32_BIT_CONVERSION = YES;
				GCC_WARN_ABOUT_RETURN_TYPE = YES_ERROR;
				GCC_WARN_UNDECLARED_SELECTOR = YES;
				GCC_WARN_UNINITIALIZED_AUTOS = YES_AGGRESSIVE;
				GCC_WARN_UNUSED_FUNCTION = YES;
				GCC_WARN_UNUSED_VARIABLE = YES;
				IPHONEOS_DEPLOYMENT_TARGET = 11.4;
				MTL_ENABLE_DEBUG_INFO = YES;
				ONLY_ACTIVE_ARCH = YES;
				SDKROOT = iphoneos;
				SWIFT_ACTIVE_COMPILATION_CONDITIONS = DEBUG;
				SWIFT_OPTIMIZATION_LEVEL = "-Onone";
			};
			name = Debug;
		};
		0419BC9A21519C2600DE08C4 /* Release */ = {
			isa = XCBuildConfiguration;
			buildSettings = {
				ALWAYS_SEARCH_USER_PATHS = NO;
				CLANG_ANALYZER_NONNULL = YES;
				CLANG_ANALYZER_NUMBER_OBJECT_CONVERSION = YES_AGGRESSIVE;
				CLANG_CXX_LANGUAGE_STANDARD = "gnu++14";
				CLANG_CXX_LIBRARY = "libc++";
				CLANG_ENABLE_MODULES = YES;
				CLANG_ENABLE_OBJC_ARC = YES;
				CLANG_ENABLE_OBJC_WEAK = YES;
				CLANG_WARN_BLOCK_CAPTURE_AUTORELEASING = YES;
				CLANG_WARN_BOOL_CONVERSION = YES;
				CLANG_WARN_COMMA = YES;
				CLANG_WARN_CONSTANT_CONVERSION = YES;
				CLANG_WARN_DEPRECATED_OBJC_IMPLEMENTATIONS = YES;
				CLANG_WARN_DIRECT_OBJC_ISA_USAGE = YES_ERROR;
				CLANG_WARN_DOCUMENTATION_COMMENTS = YES;
				CLANG_WARN_EMPTY_BODY = YES;
				CLANG_WARN_ENUM_CONVERSION = YES;
				CLANG_WARN_INFINITE_RECURSION = YES;
				CLANG_WARN_INT_CONVERSION = YES;
				CLANG_WARN_NON_LITERAL_NULL_CONVERSION = YES;
				CLANG_WARN_OBJC_IMPLICIT_RETAIN_SELF = YES;
				CLANG_WARN_OBJC_LITERAL_CONVERSION = YES;
				CLANG_WARN_OBJC_ROOT_CLASS = YES_ERROR;
				CLANG_WARN_RANGE_LOOP_ANALYSIS = YES;
				CLANG_WARN_STRICT_PROTOTYPES = YES;
				CLANG_WARN_SUSPICIOUS_MOVE = YES;
				CLANG_WARN_UNGUARDED_AVAILABILITY = YES_AGGRESSIVE;
				CLANG_WARN_UNREACHABLE_CODE = YES;
				CLANG_WARN__DUPLICATE_METHOD_MATCH = YES;
				CODE_SIGN_IDENTITY = "iPhone Developer";
				COPY_PHASE_STRIP = NO;
				DEBUG_INFORMATION_FORMAT = "dwarf-with-dsym";
				ENABLE_NS_ASSERTIONS = NO;
				ENABLE_STRICT_OBJC_MSGSEND = YES;
				GCC_C_LANGUAGE_STANDARD = gnu11;
				GCC_NO_COMMON_BLOCKS = YES;
				GCC_WARN_64_TO_32_BIT_CONVERSION = YES;
				GCC_WARN_ABOUT_RETURN_TYPE = YES_ERROR;
				GCC_WARN_UNDECLARED_SELECTOR = YES;
				GCC_WARN_UNINITIALIZED_AUTOS = YES_AGGRESSIVE;
				GCC_WARN_UNUSED_FUNCTION = YES;
				GCC_WARN_UNUSED_VARIABLE = YES;
				IPHONEOS_DEPLOYMENT_TARGET = 11.4;
				MTL_ENABLE_DEBUG_INFO = NO;
				SDKROOT = iphoneos;
				SWIFT_COMPILATION_MODE = wholemodule;
				SWIFT_OPTIMIZATION_LEVEL = "-O";
				VALIDATE_PRODUCT = YES;
			};
			name = Release;
		};
		0419BC9C21519C2600DE08C4 /* Debug */ = {
			isa = XCBuildConfiguration;
			buildSettings = {
				ASSETCATALOG_COMPILER_APPICON_NAME = AppIcon;
				CODE_SIGN_STYLE = Automatic;
				INFOPLIST_FILE = Ripe/Info.plist;
				LD_RUNPATH_SEARCH_PATHS = (
					"$(inherited)",
					"@executable_path/Frameworks",
				);
				PRODUCT_BUNDLE_IDENTIFIER = com.jedd.Ripe;
				PRODUCT_NAME = "$(TARGET_NAME)";
				SWIFT_VERSION = 4.0;
				TARGETED_DEVICE_FAMILY = "1,2";
			};
			name = Debug;
		};
		0419BC9D21519C2600DE08C4 /* Release */ = {
			isa = XCBuildConfiguration;
			buildSettings = {
				ASSETCATALOG_COMPILER_APPICON_NAME = AppIcon;
				CODE_SIGN_STYLE = Automatic;
				INFOPLIST_FILE = Ripe/Info.plist;
				LD_RUNPATH_SEARCH_PATHS = (
					"$(inherited)",
					"@executable_path/Frameworks",
				);
				PRODUCT_BUNDLE_IDENTIFIER = com.jedd.Ripe;
				PRODUCT_NAME = "$(TARGET_NAME)";
				SWIFT_VERSION = 4.0;
				TARGETED_DEVICE_FAMILY = "1,2";
			};
			name = Release;
		};
/* End XCBuildConfiguration section */

/* Begin XCConfigurationList section */
		0419BC8421519C2500DE08C4 /* Build configuration list for PBXProject "Ripe" */ = {
			isa = XCConfigurationList;
			buildConfigurations = (
				0419BC9921519C2600DE08C4 /* Debug */,
				0419BC9A21519C2600DE08C4 /* Release */,
			);
			defaultConfigurationIsVisible = 0;
			defaultConfigurationName = Release;
		};
		0419BC9B21519C2600DE08C4 /* Build configuration list for PBXNativeTarget "Ripe" */ = {
			isa = XCConfigurationList;
			buildConfigurations = (
				0419BC9C21519C2600DE08C4 /* Debug */,
				0419BC9D21519C2600DE08C4 /* Release */,
			);
			defaultConfigurationIsVisible = 0;
			defaultConfigurationName = Release;
		};
/* End XCConfigurationList section */
	};
	rootObject = 0419BC8121519C2500DE08C4 /* Project object */;
}
